
Microsoft Visual Studio Solution File, Format Version 12.00
# Visual Studio Version 16
VisualStudioVersion = 16.0.30114.105
MinimumVisualStudioVersion = 10.0.40219.1
Project("{2150E333-8FDC-42A3-9474-1A3956D46DE8}") = "src", "src", "{B4D4294B-55BD-4B9E-8ECA-35204F14554A}"
EndProject
Project("{2150E333-8FDC-42A3-9474-1A3956D46DE8}") = "1-Application", "1-Application", "{396F263D-5449-4883-9A30-9BFC31AC16E4}"
EndProject
Project("{FAE04EC0-301F-11D3-BF4B-00C04F79EFBC}") = "report.application", "src\1-Application\report.application\report.application.csproj", "{A9DC7BB6-CD78-424A-A323-E4AC9ACCC647}"
EndProject
Project("{2150E333-8FDC-42A3-9474-1A3956D46DE8}") = "2-Domain", "2-Domain", "{8E4462C3-4255-4FBF-9460-DC0FBF0969A8}"
EndProject
Project("{FAE04EC0-301F-11D3-BF4B-00C04F79EFBC}") = "report.domain", "src\2-Domain\report.domain\report.domain.csproj", "{CBFD92D7-0634-4C9A-80A4-503EA873A7EE}"
EndProject
Project("{2150E333-8FDC-42A3-9474-1A3956D46DE8}") = "3-Infra", "3-Infra", "{3A32DBF3-469A-477E-A734-2EF4201CA8CC}"
EndProject
Project("{FAE04EC0-301F-11D3-BF4B-00C04F79EFBC}") = "report.infra", "src\3-Infra\report.infra\report.infra.csproj", "{546F656F-B026-4550-ACD0-E7CD4CDFA41F}"
EndProject
Project("{2150E333-8FDC-42A3-9474-1A3956D46DE8}") = "4-Presentation", "4-Presentation", "{4CF34EB1-FC4B-49D9-970F-E82043CDDD57}"
EndProject
Project("{FAE04EC0-301F-11D3-BF4B-00C04F79EFBC}") = "report.api", "src\4-Presentation\report.api\report.api.csproj", "{350DCA0D-653E-4B77-B22F-C92D453754CE}"
EndProject
Project("{FAE04EC0-301F-11D3-BF4B-00C04F79EFBC}") = "report.collector", "src\4-Presentation\report.collector\report.collector.csproj", "{4AE3AAC8-6D7C-48C5-9AF4-EE9A5C22CFF0}"
EndProject
Project("{FAE04EC0-301F-11D3-BF4B-00C04F79EFBC}") = "report.consumer", "src\4-Presentation\report.consumer\report.consumer.csproj", "{A809F2F3-3148-4F85-9711-3EF7871020B3}"
EndProject
Project("{FAE04EC0-301F-11D3-BF4B-00C04F79EFBC}") = "report.facade", "src\4-Presentation\report.facade\report.facade.csproj", "{800B3799-4F9F-42EF-A29E-BF369AE1F514}"
EndProject
Global
	GlobalSection(SolutionConfigurationPlatforms) = preSolution
		Debug|Any CPU = Debug|Any CPU
		Release|Any CPU = Release|Any CPU
	EndGlobalSection
	GlobalSection(SolutionProperties) = preSolution
		HideSolutionNode = FALSE
	EndGlobalSection
	GlobalSection(ProjectConfigurationPlatforms) = postSolution
		{A9DC7BB6-CD78-424A-A323-E4AC9ACCC647}.Debug|Any CPU.ActiveCfg = Debug|Any CPU
		{A9DC7BB6-CD78-424A-A323-E4AC9ACCC647}.Debug|Any CPU.Build.0 = Debug|Any CPU
		{A9DC7BB6-CD78-424A-A323-E4AC9ACCC647}.Release|Any CPU.ActiveCfg = Release|Any CPU
		{A9DC7BB6-CD78-424A-A323-E4AC9ACCC647}.Release|Any CPU.Build.0 = Release|Any CPU
		{CBFD92D7-0634-4C9A-80A4-503EA873A7EE}.Debug|Any CPU.ActiveCfg = Debug|Any CPU
		{CBFD92D7-0634-4C9A-80A4-503EA873A7EE}.Debug|Any CPU.Build.0 = Debug|Any CPU
		{CBFD92D7-0634-4C9A-80A4-503EA873A7EE}.Release|Any CPU.ActiveCfg = Release|Any CPU
		{CBFD92D7-0634-4C9A-80A4-503EA873A7EE}.Release|Any CPU.Build.0 = Release|Any CPU
		{546F656F-B026-4550-ACD0-E7CD4CDFA41F}.Debug|Any CPU.ActiveCfg = Debug|Any CPU
		{546F656F-B026-4550-ACD0-E7CD4CDFA41F}.Debug|Any CPU.Build.0 = Debug|Any CPU
		{546F656F-B026-4550-ACD0-E7CD4CDFA41F}.Release|Any CPU.ActiveCfg = Release|Any CPU
		{546F656F-B026-4550-ACD0-E7CD4CDFA41F}.Release|Any CPU.Build.0 = Release|Any CPU
		{350DCA0D-653E-4B77-B22F-C92D453754CE}.Debug|Any CPU.ActiveCfg = Debug|Any CPU
		{350DCA0D-653E-4B77-B22F-C92D453754CE}.Debug|Any CPU.Build.0 = Debug|Any CPU
		{350DCA0D-653E-4B77-B22F-C92D453754CE}.Release|Any CPU.ActiveCfg = Release|Any CPU
		{350DCA0D-653E-4B77-B22F-C92D453754CE}.Release|Any CPU.Build.0 = Release|Any CPU
		{4AE3AAC8-6D7C-48C5-9AF4-EE9A5C22CFF0}.Debug|Any CPU.ActiveCfg = Debug|Any CPU
		{4AE3AAC8-6D7C-48C5-9AF4-EE9A5C22CFF0}.Debug|Any CPU.Build.0 = Debug|Any CPU
		{4AE3AAC8-6D7C-48C5-9AF4-EE9A5C22CFF0}.Release|Any CPU.ActiveCfg = Release|Any CPU
		{4AE3AAC8-6D7C-48C5-9AF4-EE9A5C22CFF0}.Release|Any CPU.Build.0 = Release|Any CPU
		{A809F2F3-3148-4F85-9711-3EF7871020B3}.Debug|Any CPU.ActiveCfg = Debug|Any CPU
		{A809F2F3-3148-4F85-9711-3EF7871020B3}.Debug|Any CPU.Build.0 = Debug|Any CPU
		{A809F2F3-3148-4F85-9711-3EF7871020B3}.Release|Any CPU.ActiveCfg = Release|Any CPU
		{A809F2F3-3148-4F85-9711-3EF7871020B3}.Release|Any CPU.Build.0 = Release|Any CPU
		{800B3799-4F9F-42EF-A29E-BF369AE1F514}.Debug|Any CPU.ActiveCfg = Debug|Any CPU
		{800B3799-4F9F-42EF-A29E-BF369AE1F514}.Debug|Any CPU.Build.0 = Debug|Any CPU
		{800B3799-4F9F-42EF-A29E-BF369AE1F514}.Release|Any CPU.ActiveCfg = Release|Any CPU
		{800B3799-4F9F-42EF-A29E-BF369AE1F514}.Release|Any CPU.Build.0 = Release|Any CPU
	EndGlobalSection
	GlobalSection(NestedProjects) = preSolution
		{396F263D-5449-4883-9A30-9BFC31AC16E4} = {B4D4294B-55BD-4B9E-8ECA-35204F14554A}
		{A9DC7BB6-CD78-424A-A323-E4AC9ACCC647} = {396F263D-5449-4883-9A30-9BFC31AC16E4}
		{8E4462C3-4255-4FBF-9460-DC0FBF0969A8} = {B4D4294B-55BD-4B9E-8ECA-35204F14554A}
		{CBFD92D7-0634-4C9A-80A4-503EA873A7EE} = {8E4462C3-4255-4FBF-9460-DC0FBF0969A8}
		{3A32DBF3-469A-477E-A734-2EF4201CA8CC} = {B4D4294B-55BD-4B9E-8ECA-35204F14554A}
		{546F656F-B026-4550-ACD0-E7CD4CDFA41F} = {3A32DBF3-469A-477E-A734-2EF4201CA8CC}
		{4CF34EB1-FC4B-49D9-970F-E82043CDDD57} = {B4D4294B-55BD-4B9E-8ECA-35204F14554A}
		{350DCA0D-653E-4B77-B22F-C92D453754CE} = {4CF34EB1-FC4B-49D9-970F-E82043CDDD57}
		{4AE3AAC8-6D7C-48C5-9AF4-EE9A5C22CFF0} = {4CF34EB1-FC4B-49D9-970F-E82043CDDD57}
		{A809F2F3-3148-4F85-9711-3EF7871020B3} = {4CF34EB1-FC4B-49D9-970F-E82043CDDD57}
		{800B3799-4F9F-42EF-A29E-BF369AE1F514} = {4CF34EB1-FC4B-49D9-970F-E82043CDDD57}
	EndGlobalSection
EndGlobal
